
Microsoft Visual Studio Solution File, Format Version 12.00
# Visual Studio Version 16
VisualStudioVersion = 16.0.30330.147
MinimumVisualStudioVersion = 10.0.40219.1
Project("{888888A0-9F3D-457C-B088-3A5042F75D52}") = "KetoCalculator", "KetoCalculator\KetoCalculator.pyproj", "{D663DBFF-C058-4278-9D4F-D94715735081}"
EndProject
Global
	GlobalSection(SolutionConfigurationPlatforms) = preSolution
		Debug|Any CPU = Debug|Any CPU
		Release|Any CPU = Release|Any CPU
	EndGlobalSection
	GlobalSection(ProjectConfigurationPlatforms) = postSolution
		{D663DBFF-C058-4278-9D4F-D94715735081}.Debug|Any CPU.ActiveCfg = Debug|Any CPU
		{D663DBFF-C058-4278-9D4F-D94715735081}.Release|Any CPU.ActiveCfg = Release|Any CPU
	EndGlobalSection
	GlobalSection(SolutionProperties) = preSolution
		HideSolutionNode = FALSE
	EndGlobalSection
	GlobalSection(ExtensibilityGlobals) = postSolution
		SolutionGuid = {62DBD2D9-0C0E-4561-AAC3-D5D59911B0A0}
	EndGlobalSection
EndGlobal
